{
    "_readme": [
        "This file locks the dependencies of your project to a known state",
        "Read more about it at https://getcomposer.org/doc/01-basic-usage.md#installing-dependencies",
        "This file is @generated automatically"
    ],
    "content-hash": "2862ae1f0f056321d8fe879ca0b1a933",
    "packages": [
        {
            "name": "codeigniter/framework",
            "version": "3.1.13",
            "source": {
                "type": "git",
                "url": "https://github.com/bcit-ci/CodeIgniter.git",
                "reference": "bcb17eb8ba53a85de154439d0ab8ff1bed047bc9"
            },
            "dist": {
                "type": "zip",
                "url": "https://api.github.com/repos/bcit-ci/CodeIgniter/zipball/bcb17eb8ba53a85de154439d0ab8ff1bed047bc9",
                "reference": "bcb17eb8ba53a85de154439d0ab8ff1bed047bc9",
                "shasum": ""
            },
            "require": {
                "php": ">=5.3.7"
            },
            "require-dev": {
                "mikey179/vfsstream": "1.6.*",
                "phpunit/phpunit": "4.* || 5.* || 9.*"
            },
            "suggest": {
                "paragonie/random_compat": "Provides better randomness in PHP 5.x"
            },
            "type": "project",
            "notification-url": "https://packagist.org/downloads/",
            "license": [
                "MIT"
            ],
            "description": "The CodeIgniter framework",
            "homepage": "https://codeigniter.com",
            "support": {
                "forum": "http://forum.codeigniter.com/",
                "issues": "https://github.com/bcit-ci/CodeIgniter/issues",
                "slack": "https://codeigniterchat.slack.com",
                "source": "https://github.com/bcit-ci/CodeIgniter",
                "wiki": "https://github.com/bcit-ci/CodeIgniter/wiki"
            },
            "time": "2022-03-03T13:21:49+00:00"
        }
    ],
    "packages-dev": [],
    "aliases": [],
    "minimum-stability": "stable",
    "stability-flags": [],
    "prefer-stable": false,
    "prefer-lowest": false,
    "platform": {
        "php": ">=5.5"
    },
    "platform-dev": [],
    "plugin-api-version": "2.1.0"
}
